// !$*UTF8*$!
{
	archiveVersion = 1;
	classes = {
	};
	objectVersion = 50;
	objects = {

/* Begin PBXBuildFile section */
		B00E84AC24928A5B00EAEDD1 /* MainMenuScene.swift in Sources */ = {isa = PBXBuildFile; fileRef = B00E84AB24928A5B00EAEDD1 /* MainMenuScene.swift */; };
		B00E84B82493230200EAEDD1 /* MainMenu.sks in Resources */ = {isa = PBXBuildFile; fileRef = B00E84B72493230200EAEDD1 /* MainMenu.sks */; };
		B00E84BC2493435900EAEDD1 /* OnboardScene.sks in Resources */ = {isa = PBXBuildFile; fileRef = B00E84BB2493435900EAEDD1 /* OnboardScene.sks */; };
		B00E84BE249343E100EAEDD1 /* Onboard.swift in Sources */ = {isa = PBXBuildFile; fileRef = B00E84BD249343E100EAEDD1 /* Onboard.swift */; };
		B01EF50724934AE40047F75E /* Chapter2Scene.sks in Resources */ = {isa = PBXBuildFile; fileRef = B01EF50624934AE40047F75E /* Chapter2Scene.sks */; };
		B01EF50A24934B150047F75E /* Chapter2.swift in Sources */ = {isa = PBXBuildFile; fileRef = B01EF50924934B150047F75E /* Chapter2.swift */; };
		B01EF50C2493DC3F0047F75E /* Chapter3Scene.sks in Resources */ = {isa = PBXBuildFile; fileRef = B01EF50B2493DC3F0047F75E /* Chapter3Scene.sks */; };
		B01EF50F2493DCA80047F75E /* Chapter3.swift in Sources */ = {isa = PBXBuildFile; fileRef = B01EF50E2493DCA80047F75E /* Chapter3.swift */; };
		B07F362E2494801100E719BB /* Chapter4.swift in Sources */ = {isa = PBXBuildFile; fileRef = B07F362D2494801100E719BB /* Chapter4.swift */; };
		B07F36302494802700E719BB /* Chapter4Scene.sks in Resources */ = {isa = PBXBuildFile; fileRef = B07F362F2494802700E719BB /* Chapter4Scene.sks */; };
		B07F36332494C94600E719BB /* Splash1Scene.sks in Resources */ = {isa = PBXBuildFile; fileRef = B07F36322494C94600E719BB /* Splash1Scene.sks */; };
		B07F36352494C95300E719BB /* Splash1.swift in Sources */ = {isa = PBXBuildFile; fileRef = B07F36342494C95300E719BB /* Splash1.swift */; };
		B07F36372494CC5300E719BB /* Splash2Scene.sks in Resources */ = {isa = PBXBuildFile; fileRef = B07F36362494CC5300E719BB /* Splash2Scene.sks */; };
		B07F36392494CC6700E719BB /* Splash2.swift in Sources */ = {isa = PBXBuildFile; fileRef = B07F36382494CC6700E719BB /* Splash2.swift */; };
		B07F363B2494CDD800E719BB /* Splash3Scene.sks in Resources */ = {isa = PBXBuildFile; fileRef = B07F363A2494CDD800E719BB /* Splash3Scene.sks */; };
		B07F363D2494CDE900E719BB /* Splash3.swift in Sources */ = {isa = PBXBuildFile; fileRef = B07F363C2494CDE900E719BB /* Splash3.swift */; };
		B07F363F2494CF2F00E719BB /* Splash4.sks in Resources */ = {isa = PBXBuildFile; fileRef = B07F363E2494CF2F00E719BB /* Splash4.sks */; };
		B07F36412494CFED00E719BB /* Splash4.swift in Sources */ = {isa = PBXBuildFile; fileRef = B07F36402494CFED00E719BB /* Splash4.swift */; };
		B07F36442494D14C00E719BB /* SelectLevelScene.sks in Resources */ = {isa = PBXBuildFile; fileRef = B07F36432494D14C00E719BB /* SelectLevelScene.sks */; };
		B07F36462494D32B00E719BB /* SelectLevel.swift in Sources */ = {isa = PBXBuildFile; fileRef = B07F36452494D32B00E719BB /* SelectLevel.swift */; };
		B07F364A2496233F00E719BB /* onboardBGM.wav in Resources */ = {isa = PBXBuildFile; fileRef = B07F36482496233F00E719BB /* onboardBGM.wav */; };
		B07F364B2496233F00E719BB /* gameBGM.mp3 in Resources */ = {isa = PBXBuildFile; fileRef = B07F36492496233F00E719BB /* gameBGM.mp3 */; };
		B07F364C249680A600E719BB /* emulator.ttf in Resources */ = {isa = PBXBuildFile; fileRef = B00E84AF2492914700EAEDD1 /* emulator.ttf */; };
		B07F364E249696B700E719BB /* finish.wav in Resources */ = {isa = PBXBuildFile; fileRef = B07F364D249696B700E719BB /* finish.wav */; };
		B07F36522497698A00E719BB /* clicked.wav in Resources */ = {isa = PBXBuildFile; fileRef = B07F36512497698A00E719BB /* clicked.wav */; };
		B0F80BF6248F688000FAF767 /* AppDelegate.swift in Sources */ = {isa = PBXBuildFile; fileRef = B0F80BF5248F688000FAF767 /* AppDelegate.swift */; };
		B0F80BF8248F688000FAF767 /* GameScene.sks in Resources */ = {isa = PBXBuildFile; fileRef = B0F80BF7248F688000FAF767 /* GameScene.sks */; };
		B0F80BFA248F688000FAF767 /* Actions.sks in Resources */ = {isa = PBXBuildFile; fileRef = B0F80BF9248F688000FAF767 /* Actions.sks */; };
		B0F80BFC248F688000FAF767 /* GameScene.swift in Sources */ = {isa = PBXBuildFile; fileRef = B0F80BFB248F688000FAF767 /* GameScene.swift */; };
		B0F80BFE248F688000FAF767 /* GameViewController.swift in Sources */ = {isa = PBXBuildFile; fileRef = B0F80BFD248F688000FAF767 /* GameViewController.swift */; };
		B0F80C01248F688000FAF767 /* Main.storyboard in Resources */ = {isa = PBXBuildFile; fileRef = B0F80BFF248F688000FAF767 /* Main.storyboard */; };
		B0F80C03248F688100FAF767 /* Assets.xcassets in Resources */ = {isa = PBXBuildFile; fileRef = B0F80C02248F688100FAF767 /* Assets.xcassets */; };
		B0F80C06248F688100FAF767 /* LaunchScreen.storyboard in Resources */ = {isa = PBXBuildFile; fileRef = B0F80C04248F688100FAF767 /* LaunchScreen.storyboard */; };
		B0F80C322490EE1E00FAF767 /* HelperExtension.swift in Sources */ = {isa = PBXBuildFile; fileRef = B0F80C312490EE1E00FAF767 /* HelperExtension.swift */; };
/* End PBXBuildFile section */

/* Begin PBXFileReference section */
		B00E84AB24928A5B00EAEDD1 /* MainMenuScene.swift */ = {isa = PBXFileReference; lastKnownFileType = sourcecode.swift; path = MainMenuScene.swift; sourceTree = "<group>"; };
		B00E84AF2492914700EAEDD1 /* emulator.ttf */ = {isa = PBXFileReference; lastKnownFileType = file; path = emulator.ttf; sourceTree = "<group>"; };
		B00E84B72493230200EAEDD1 /* MainMenu.sks */ = {isa = PBXFileReference; lastKnownFileType = file.sks; path = MainMenu.sks; sourceTree = "<group>"; };
		B00E84BB2493435900EAEDD1 /* OnboardScene.sks */ = {isa = PBXFileReference; lastKnownFileType = file.sks; path = OnboardScene.sks; sourceTree = "<group>"; };
		B00E84BD249343E100EAEDD1 /* Onboard.swift */ = {isa = PBXFileReference; lastKnownFileType = sourcecode.swift; path = Onboard.swift; sourceTree = "<group>"; };
		B01EF50624934AE40047F75E /* Chapter2Scene.sks */ = {isa = PBXFileReference; lastKnownFileType = file.sks; path = Chapter2Scene.sks; sourceTree = "<group>"; };
		B01EF50924934B150047F75E /* Chapter2.swift */ = {isa = PBXFileReference; lastKnownFileType = sourcecode.swift; path = Chapter2.swift; sourceTree = "<group>"; };
		B01EF50B2493DC3F0047F75E /* Chapter3Scene.sks */ = {isa = PBXFileReference; lastKnownFileType = file.sks; path = Chapter3Scene.sks; sourceTree = "<group>"; };
		B01EF50E2493DCA80047F75E /* Chapter3.swift */ = {isa = PBXFileReference; lastKnownFileType = sourcecode.swift; path = Chapter3.swift; sourceTree = "<group>"; };
		B07F362D2494801100E719BB /* Chapter4.swift */ = {isa = PBXFileReference; lastKnownFileType = sourcecode.swift; path = Chapter4.swift; sourceTree = "<group>"; };
		B07F362F2494802700E719BB /* Chapter4Scene.sks */ = {isa = PBXFileReference; lastKnownFileType = file.sks; path = Chapter4Scene.sks; sourceTree = "<group>"; };
		B07F36322494C94600E719BB /* Splash1Scene.sks */ = {isa = PBXFileReference; lastKnownFileType = file.sks; path = Splash1Scene.sks; sourceTree = "<group>"; };
		B07F36342494C95300E719BB /* Splash1.swift */ = {isa = PBXFileReference; lastKnownFileType = sourcecode.swift; path = Splash1.swift; sourceTree = "<group>"; };
		B07F36362494CC5300E719BB /* Splash2Scene.sks */ = {isa = PBXFileReference; lastKnownFileType = file.sks; path = Splash2Scene.sks; sourceTree = "<group>"; };
		B07F36382494CC6700E719BB /* Splash2.swift */ = {isa = PBXFileReference; lastKnownFileType = sourcecode.swift; path = Splash2.swift; sourceTree = "<group>"; };
		B07F363A2494CDD800E719BB /* Splash3Scene.sks */ = {isa = PBXFileReference; lastKnownFileType = file.sks; path = Splash3Scene.sks; sourceTree = "<group>"; };
		B07F363C2494CDE900E719BB /* Splash3.swift */ = {isa = PBXFileReference; lastKnownFileType = sourcecode.swift; path = Splash3.swift; sourceTree = "<group>"; };
		B07F363E2494CF2F00E719BB /* Splash4.sks */ = {isa = PBXFileReference; lastKnownFileType = file.sks; path = Splash4.sks; sourceTree = "<group>"; };
		B07F36402494CFED00E719BB /* Splash4.swift */ = {isa = PBXFileReference; lastKnownFileType = sourcecode.swift; path = Splash4.swift; sourceTree = "<group>"; };
		B07F36432494D14C00E719BB /* SelectLevelScene.sks */ = {isa = PBXFileReference; lastKnownFileType = file.sks; path = SelectLevelScene.sks; sourceTree = "<group>"; };
		B07F36452494D32B00E719BB /* SelectLevel.swift */ = {isa = PBXFileReference; lastKnownFileType = sourcecode.swift; path = SelectLevel.swift; sourceTree = "<group>"; };
		B07F36482496233F00E719BB /* onboardBGM.wav */ = {isa = PBXFileReference; lastKnownFileType = audio.wav; path = onboardBGM.wav; sourceTree = "<group>"; };
		B07F36492496233F00E719BB /* gameBGM.mp3 */ = {isa = PBXFileReference; lastKnownFileType = audio.mp3; path = gameBGM.mp3; sourceTree = "<group>"; };
		B07F364D249696B700E719BB /* finish.wav */ = {isa = PBXFileReference; lastKnownFileType = audio.wav; path = finish.wav; sourceTree = "<group>"; };
		B07F36512497698A00E719BB /* clicked.wav */ = {isa = PBXFileReference; lastKnownFileType = audio.wav; path = clicked.wav; sourceTree = "<group>"; };
		B0F80BF2248F688000FAF767 /* Tomb Scout.app */ = {isa = PBXFileReference; explicitFileType = wrapper.application; includeInIndex = 0; path = "Tomb Scout.app"; sourceTree = BUILT_PRODUCTS_DIR; };
		B0F80BF5248F688000FAF767 /* AppDelegate.swift */ = {isa = PBXFileReference; lastKnownFileType = sourcecode.swift; path = AppDelegate.swift; sourceTree = "<group>"; };
		B0F80BF7248F688000FAF767 /* GameScene.sks */ = {isa = PBXFileReference; lastKnownFileType = file.sks; path = GameScene.sks; sourceTree = "<group>"; };
		B0F80BF9248F688000FAF767 /* Actions.sks */ = {isa = PBXFileReference; lastKnownFileType = file.sks; path = Actions.sks; sourceTree = "<group>"; };
		B0F80BFB248F688000FAF767 /* GameScene.swift */ = {isa = PBXFileReference; lastKnownFileType = sourcecode.swift; path = GameScene.swift; sourceTree = "<group>"; };
		B0F80BFD248F688000FAF767 /* GameViewController.swift */ = {isa = PBXFileReference; lastKnownFileType = sourcecode.swift; path = GameViewController.swift; sourceTree = "<group>"; };
		B0F80C00248F688000FAF767 /* Base */ = {isa = PBXFileReference; lastKnownFileType = file.storyboard; name = Base; path = Base.lproj/Main.storyboard; sourceTree = "<group>"; };
		B0F80C02248F688100FAF767 /* Assets.xcassets */ = {isa = PBXFileReference; lastKnownFileType = folder.assetcatalog; path = Assets.xcassets; sourceTree = "<group>"; };
		B0F80C05248F688100FAF767 /* Base */ = {isa = PBXFileReference; lastKnownFileType = file.storyboard; name = Base; path = Base.lproj/LaunchScreen.storyboard; sourceTree = "<group>"; };
		B0F80C07248F688100FAF767 /* Info.plist */ = {isa = PBXFileReference; lastKnownFileType = text.plist.xml; path = Info.plist; sourceTree = "<group>"; };
		B0F80C312490EE1E00FAF767 /* HelperExtension.swift */ = {isa = PBXFileReference; fileEncoding = 4; lastKnownFileType = sourcecode.swift; path = HelperExtension.swift; sourceTree = "<group>"; };
/* End PBXFileReference section */

/* Begin PBXFrameworksBuildPhase section */
		B0F80BEF248F688000FAF767 /* Frameworks */ = {
			isa = PBXFrameworksBuildPhase;
			buildActionMask = 2147483647;
			files = (
			);
			runOnlyForDeploymentPostprocessing = 0;
		};
/* End PBXFrameworksBuildPhase section */

/* Begin PBXGroup section */
		B00E84AE2492913800EAEDD1 /* Fonts */ = {
			isa = PBXGroup;
			children = (
				B00E84AF2492914700EAEDD1 /* emulator.ttf */,
			);
			path = Fonts;
			sourceTree = "<group>";
		};
		B00E84B9249342DF00EAEDD1 /* Main Menu + Onboard */ = {
			isa = PBXGroup;
			children = (
				B00E84B72493230200EAEDD1 /* MainMenu.sks */,
				B00E84BB2493435900EAEDD1 /* OnboardScene.sks */,
				B00E84BD249343E100EAEDD1 /* Onboard.swift */,
				B00E84AB24928A5B00EAEDD1 /* MainMenuScene.swift */,
			);
			path = "Main Menu + Onboard";
			sourceTree = "<group>";
		};
		B00E84BA249342F800EAEDD1 /* Chapter 1 */ = {
			isa = PBXGroup;
			children = (
				B0F80BF7248F688000FAF767 /* GameScene.sks */,
				B0F80BFB248F688000FAF767 /* GameScene.swift */,
			);
			path = "Chapter 1";
			sourceTree = "<group>";
		};
		B01EF50824934AF20047F75E /* Chapter 2 */ = {
			isa = PBXGroup;
			children = (
				B01EF50624934AE40047F75E /* Chapter2Scene.sks */,
				B01EF50924934B150047F75E /* Chapter2.swift */,
			);
			path = "Chapter 2";
			sourceTree = "<group>";
		};
		B01EF50D2493DC470047F75E /* Chapter 3 */ = {
			isa = PBXGroup;
			children = (
				B01EF50B2493DC3F0047F75E /* Chapter3Scene.sks */,
				B01EF50E2493DCA80047F75E /* Chapter3.swift */,
			);
			path = "Chapter 3";
			sourceTree = "<group>";
		};
		B07F362A24947FE200E719BB /* Chapter 4 */ = {
			isa = PBXGroup;
			children = (
				B07F362F2494802700E719BB /* Chapter4Scene.sks */,
				B07F362D2494801100E719BB /* Chapter4.swift */,
			);
			path = "Chapter 4";
			sourceTree = "<group>";
		};
		B07F36312494C90F00E719BB /* Splash Screen */ = {
			isa = PBXGroup;
			children = (
				B07F36322494C94600E719BB /* Splash1Scene.sks */,
				B07F36342494C95300E719BB /* Splash1.swift */,
				B07F36362494CC5300E719BB /* Splash2Scene.sks */,
				B07F36382494CC6700E719BB /* Splash2.swift */,
				B07F363A2494CDD800E719BB /* Splash3Scene.sks */,
				B07F363C2494CDE900E719BB /* Splash3.swift */,
				B07F363E2494CF2F00E719BB /* Splash4.sks */,
				B07F36402494CFED00E719BB /* Splash4.swift */,
			);
			path = "Splash Screen";
			sourceTree = "<group>";
		};
		B07F36422494D11800E719BB /* Select Level */ = {
			isa = PBXGroup;
			children = (
				B07F36432494D14C00E719BB /* SelectLevelScene.sks */,
				B07F36452494D32B00E719BB /* SelectLevel.swift */,
			);
			path = "Select Level";
			sourceTree = "<group>";
		};
		B07F36472496232B00E719BB /* Audio Asset */ = {
			isa = PBXGroup;
			children = (
				B07F36492496233F00E719BB /* gameBGM.mp3 */,
				B07F36482496233F00E719BB /* onboardBGM.wav */,
				B07F364D249696B700E719BB /* finish.wav */,
				B07F36512497698A00E719BB /* clicked.wav */,
			);
			path = "Audio Asset";
			sourceTree = "<group>";
		};
		B0F80BE9248F688000FAF767 = {
			isa = PBXGroup;
			children = (
				B0F80BF4248F688000FAF767 /* Tomb Scout */,
				B00E84AE2492913800EAEDD1 /* Fonts */,
				B0F80BF3248F688000FAF767 /* Products */,
			);
			sourceTree = "<group>";
		};
		B0F80BF3248F688000FAF767 /* Products */ = {
			isa = PBXGroup;
			children = (
				B0F80BF2248F688000FAF767 /* Tomb Scout.app */,
			);
			name = Products;
			sourceTree = "<group>";
		};
		B0F80BF4248F688000FAF767 /* Tomb Scout */ = {
			isa = PBXGroup;
			children = (
				B07F36472496232B00E719BB /* Audio Asset */,
				B0F80BF5248F688000FAF767 /* AppDelegate.swift */,
				B0F80BFD248F688000FAF767 /* GameViewController.swift */,
				B0F80C312490EE1E00FAF767 /* HelperExtension.swift */,
				B0F80BFF248F688000FAF767 /* Main.storyboard */,
				B0F80BF9248F688000FAF767 /* Actions.sks */,
				B00E84B9249342DF00EAEDD1 /* Main Menu + Onboard */,
				B07F36312494C90F00E719BB /* Splash Screen */,
				B07F36422494D11800E719BB /* Select Level */,
				B00E84BA249342F800EAEDD1 /* Chapter 1 */,
				B01EF50824934AF20047F75E /* Chapter 2 */,
				B01EF50D2493DC470047F75E /* Chapter 3 */,
				B07F362A24947FE200E719BB /* Chapter 4 */,
				B0F80C02248F688100FAF767 /* Assets.xcassets */,
				B0F80C04248F688100FAF767 /* LaunchScreen.storyboard */,
				B0F80C07248F688100FAF767 /* Info.plist */,
			);
			path = "Tomb Scout";
			sourceTree = "<group>";
		};
/* End PBXGroup section */

/* Begin PBXNativeTarget section */
		B0F80BF1248F688000FAF767 /* Nano Challenge 3 */ = {
			isa = PBXNativeTarget;
			buildConfigurationList = B0F80C0A248F688100FAF767 /* Build configuration list for PBXNativeTarget "Nano Challenge 3" */;
			buildPhases = (
				B0F80BEE248F688000FAF767 /* Sources */,
				B0F80BEF248F688000FAF767 /* Frameworks */,
				B0F80BF0248F688000FAF767 /* Resources */,
			);
			buildRules = (
			);
			dependencies = (
			);
			name = "Nano Challenge 3";
			productName = "Nano Challenge 3";
			productReference = B0F80BF2248F688000FAF767 /* Tomb Scout.app */;
			productType = "com.apple.product-type.application";
		};
/* End PBXNativeTarget section */

/* Begin PBXProject section */
		B0F80BEA248F688000FAF767 /* Project object */ = {
			isa = PBXProject;
			attributes = {
				LastSwiftUpdateCheck = 1150;
				LastUpgradeCheck = 1150;
				ORGANIZATIONNAME = "Michael Geoferey";
				TargetAttributes = {
					B0F80BF1248F688000FAF767 = {
						CreatedOnToolsVersion = 11.5;
					};
				};
			};
			buildConfigurationList = B0F80BED248F688000FAF767 /* Build configuration list for PBXProject "Tomb Scout" */;
			compatibilityVersion = "Xcode 9.3";
			developmentRegion = en;
			hasScannedForEncodings = 0;
			knownRegions = (
				en,
				Base,
			);
			mainGroup = B0F80BE9248F688000FAF767;
			productRefGroup = B0F80BF3248F688000FAF767 /* Products */;
			projectDirPath = "";
			projectRoot = "";
			targets = (
				B0F80BF1248F688000FAF767 /* Nano Challenge 3 */,
			);
		};
/* End PBXProject section */

/* Begin PBXResourcesBuildPhase section */
		B0F80BF0248F688000FAF767 /* Resources */ = {
			isa = PBXResourcesBuildPhase;
			buildActionMask = 2147483647;
			files = (
				B07F364C249680A600E719BB /* emulator.ttf in Resources */,
				B07F364B2496233F00E719BB /* gameBGM.mp3 in Resources */,
				B07F36442494D14C00E719BB /* SelectLevelScene.sks in Resources */,
				B0F80C01248F688000FAF767 /* Main.storyboard in Resources */,
				B07F364A2496233F00E719BB /* onboardBGM.wav in Resources */,
				B01EF50724934AE40047F75E /* Chapter2Scene.sks in Resources */,
				B07F36522497698A00E719BB /* clicked.wav in Resources */,
				B07F36372494CC5300E719BB /* Splash2Scene.sks in Resources */,
				B0F80BF8248F688000FAF767 /* GameScene.sks in Resources */,
				B07F363B2494CDD800E719BB /* Splash3Scene.sks in Resources */,
				B00E84BC2493435900EAEDD1 /* OnboardScene.sks in Resources */,
				B07F36332494C94600E719BB /* Splash1Scene.sks in Resources */,
				B0F80C03248F688100FAF767 /* Assets.xcassets in Resources */,
				B07F36302494802700E719BB /* Chapter4Scene.sks in Resources */,
				B07F364E249696B700E719BB /* finish.wav in Resources */,
				B07F363F2494CF2F00E719BB /* Splash4.sks in Resources */,
				B0F80C06248F688100FAF767 /* LaunchScreen.storyboard in Resources */,
				B01EF50C2493DC3F0047F75E /* Chapter3Scene.sks in Resources */,
				B0F80BFA248F688000FAF767 /* Actions.sks in Resources */,
				B00E84B82493230200EAEDD1 /* MainMenu.sks in Resources */,
			);
			runOnlyForDeploymentPostprocessing = 0;
		};
/* End PBXResourcesBuildPhase section */

/* Begin PBXSourcesBuildPhase section */
		B0F80BEE248F688000FAF767 /* Sources */ = {
			isa = PBXSourcesBuildPhase;
			buildActionMask = 2147483647;
			files = (
				B00E84BE249343E100EAEDD1 /* Onboard.swift in Sources */,
				B0F80BFC248F688000FAF767 /* GameScene.swift in Sources */,
				B01EF50A24934B150047F75E /* Chapter2.swift in Sources */,
				B0F80C322490EE1E00FAF767 /* HelperExtension.swift in Sources */,
				B0F80BFE248F688000FAF767 /* GameViewController.swift in Sources */,
				B07F36392494CC6700E719BB /* Splash2.swift in Sources */,
				B07F36412494CFED00E719BB /* Splash4.swift in Sources */,
				B07F363D2494CDE900E719BB /* Splash3.swift in Sources */,
				B01EF50F2493DCA80047F75E /* Chapter3.swift in Sources */,
				B07F362E2494801100E719BB /* Chapter4.swift in Sources */,
				B07F36462494D32B00E719BB /* SelectLevel.swift in Sources */,
				B0F80BF6248F688000FAF767 /* AppDelegate.swift in Sources */,
				B07F36352494C95300E719BB /* Splash1.swift in Sources */,
				B00E84AC24928A5B00EAEDD1 /* MainMenuScene.swift in Sources */,
			);
			runOnlyForDeploymentPostprocessing = 0;
		};
/* End PBXSourcesBuildPhase section */

/* Begin PBXVariantGroup section */
		B0F80BFF248F688000FAF767 /* Main.storyboard */ = {
			isa = PBXVariantGroup;
			children = (
				B0F80C00248F688000FAF767 /* Base */,
			);
			name = Main.storyboard;
			sourceTree = "<group>";
		};
		B0F80C04248F688100FAF767 /* LaunchScreen.storyboard */ = {
			isa = PBXVariantGroup;
			children = (
				B0F80C05248F688100FAF767 /* Base */,
			);
			name = LaunchScreen.storyboard;
			sourceTree = "<group>";
		};
/* End PBXVariantGroup section */

/* Begin XCBuildConfiguration section */
		B0F80C08248F688100FAF767 /* Debug */ = {
			isa = XCBuildConfiguration;
			buildSettings = {
				ALWAYS_SEARCH_USER_PATHS = NO;
				CLANG_ANALYZER_NONNULL = YES;
				CLANG_ANALYZER_NUMBER_OBJECT_CONVERSION = YES_AGGRESSIVE;
				CLANG_CXX_LANGUAGE_STANDARD = "gnu++14";
				CLANG_CXX_LIBRARY = "libc++";
				CLANG_ENABLE_MODULES = YES;
				CLANG_ENABLE_OBJC_ARC = YES;
				CLANG_ENABLE_OBJC_WEAK = YES;
				CLANG_WARN_BLOCK_CAPTURE_AUTORELEASING = YES;
				CLANG_WARN_BOOL_CONVERSION = YES;
				CLANG_WARN_COMMA = YES;
				CLANG_WARN_CONSTANT_CONVERSION = YES;
				CLANG_WARN_DEPRECATED_OBJC_IMPLEMENTATIONS = YES;
				CLANG_WARN_DIRECT_OBJC_ISA_USAGE = YES_ERROR;
				CLANG_WARN_DOCUMENTATION_COMMENTS = YES;
				CLANG_WARN_EMPTY_BODY = YES;
				CLANG_WARN_ENUM_CONVERSION = YES;
				CLANG_WARN_INFINITE_RECURSION = YES;
				CLANG_WARN_INT_CONVERSION = YES;
				CLANG_WARN_NON_LITERAL_NULL_CONVERSION = YES;
				CLANG_WARN_OBJC_IMPLICIT_RETAIN_SELF = YES;
				CLANG_WARN_OBJC_LITERAL_CONVERSION = YES;
				CLANG_WARN_OBJC_ROOT_CLASS = YES_ERROR;
				CLANG_WARN_RANGE_LOOP_ANALYSIS = YES;
				CLANG_WARN_STRICT_PROTOTYPES = YES;
				CLANG_WARN_SUSPICIOUS_MOVE = YES;
				CLANG_WARN_UNGUARDED_AVAILABILITY = YES_AGGRESSIVE;
				CLANG_WARN_UNREACHABLE_CODE = YES;
				CLANG_WARN__DUPLICATE_METHOD_MATCH = YES;
				COPY_PHASE_STRIP = NO;
				DEBUG_INFORMATION_FORMAT = dwarf;
				ENABLE_STRICT_OBJC_MSGSEND = YES;
				ENABLE_TESTABILITY = YES;
				GCC_C_LANGUAGE_STANDARD = gnu11;
				GCC_DYNAMIC_NO_PIC = NO;
				GCC_NO_COMMON_BLOCKS = YES;
				GCC_OPTIMIZATION_LEVEL = 0;
				GCC_PREPROCESSOR_DEFINITIONS = (
					"DEBUG=1",
					"$(inherited)",
				);
				GCC_WARN_64_TO_32_BIT_CONVERSION = YES;
				GCC_WARN_ABOUT_RETURN_TYPE = YES_ERROR;
				GCC_WARN_UNDECLARED_SELECTOR = YES;
				GCC_WARN_UNINITIALIZED_AUTOS = YES_AGGRESSIVE;
				GCC_WARN_UNUSED_FUNCTION = YES;
				GCC_WARN_UNUSED_VARIABLE = YES;
				IPHONEOS_DEPLOYMENT_TARGET = 13.5;
				MTL_ENABLE_DEBUG_INFO = INCLUDE_SOURCE;
				MTL_FAST_MATH = YES;
				ONLY_ACTIVE_ARCH = YES;
				SDKROOT = iphoneos;
				SWIFT_ACTIVE_COMPILATION_CONDITIONS = DEBUG;
				SWIFT_OPTIMIZATION_LEVEL = "-Onone";
			};
			name = Debug;
		};
		B0F80C09248F688100FAF767 /* Release */ = {
			isa = XCBuildConfiguration;
			buildSettings = {
				ALWAYS_SEARCH_USER_PATHS = NO;
				CLANG_ANALYZER_NONNULL = YES;
				CLANG_ANALYZER_NUMBER_OBJECT_CONVERSION = YES_AGGRESSIVE;
				CLANG_CXX_LANGUAGE_STANDARD = "gnu++14";
				CLANG_CXX_LIBRARY = "libc++";
				CLANG_ENABLE_MODULES = YES;
				CLANG_ENABLE_OBJC_ARC = YES;
				CLANG_ENABLE_OBJC_WEAK = YES;
				CLANG_WARN_BLOCK_CAPTURE_AUTORELEASING = YES;
				CLANG_WARN_BOOL_CONVERSION = YES;
				CLANG_WARN_COMMA = YES;
				CLANG_WARN_CONSTANT_CONVERSION = YES;
				CLANG_WARN_DEPRECATED_OBJC_IMPLEMENTATIONS = YES;
				CLANG_WARN_DIRECT_OBJC_ISA_USAGE = YES_ERROR;
				CLANG_WARN_DOCUMENTATION_COMMENTS = YES;
				CLANG_WARN_EMPTY_BODY = YES;
				CLANG_WARN_ENUM_CONVERSION = YES;
				CLANG_WARN_INFINITE_RECURSION = YES;
				CLANG_WARN_INT_CONVERSION = YES;
				CLANG_WARN_NON_LITERAL_NULL_CONVERSION = YES;
				CLANG_WARN_OBJC_IMPLICIT_RETAIN_SELF = YES;
				CLANG_WARN_OBJC_LITERAL_CONVERSION = YES;
				CLANG_WARN_OBJC_ROOT_CLASS = YES_ERROR;
				CLANG_WARN_RANGE_LOOP_ANALYSIS = YES;
				CLANG_WARN_STRICT_PROTOTYPES = YES;
				CLANG_WARN_SUSPICIOUS_MOVE = YES;
				CLANG_WARN_UNGUARDED_AVAILABILITY = YES_AGGRESSIVE;
				CLANG_WARN_UNREACHABLE_CODE = YES;
				CLANG_WARN__DUPLICATE_METHOD_MATCH = YES;
				COPY_PHASE_STRIP = NO;
				DEBUG_INFORMATION_FORMAT = "dwarf-with-dsym";
				ENABLE_NS_ASSERTIONS = NO;
				ENABLE_STRICT_OBJC_MSGSEND = YES;
				GCC_C_LANGUAGE_STANDARD = gnu11;
				GCC_NO_COMMON_BLOCKS = YES;
				GCC_WARN_64_TO_32_BIT_CONVERSION = YES;
				GCC_WARN_ABOUT_RETURN_TYPE = YES_ERROR;
				GCC_WARN_UNDECLARED_SELECTOR = YES;
				GCC_WARN_UNINITIALIZED_AUTOS = YES_AGGRESSIVE;
				GCC_WARN_UNUSED_FUNCTION = YES;
				GCC_WARN_UNUSED_VARIABLE = YES;
				IPHONEOS_DEPLOYMENT_TARGET = 13.5;
				MTL_ENABLE_DEBUG_INFO = NO;
				MTL_FAST_MATH = YES;
				SDKROOT = iphoneos;
				SWIFT_COMPILATION_MODE = wholemodule;
				SWIFT_OPTIMIZATION_LEVEL = "-O";
				VALIDATE_PRODUCT = YES;
			};
			name = Release;
		};
		B0F80C0B248F688100FAF767 /* Debug */ = {
			isa = XCBuildConfiguration;
			buildSettings = {
				ASSETCATALOG_COMPILER_APPICON_NAME = AppIcon;
				CODE_SIGN_STYLE = Automatic;
				DEVELOPMENT_TEAM = ZFL7YS72Y3;
				INFOPLIST_FILE = "Tomb Scout/Info.plist";
				LD_RUNPATH_SEARCH_PATHS = (
					"$(inherited)",
					"@executable_path/Frameworks",
				);
				PRODUCT_BUNDLE_IDENTIFIER = "tombscout.Nano-Challenge-3";
				PRODUCT_NAME = "Tomb Scout";
				SWIFT_VERSION = 5.0;
				TARGETED_DEVICE_FAMILY = "1,2";
			};
			name = Debug;
		};
		B0F80C0C248F688100FAF767 /* Release */ = {
			isa = XCBuildConfiguration;
			buildSettings = {
				ASSETCATALOG_COMPILER_APPICON_NAME = AppIcon;
				CODE_SIGN_STYLE = Automatic;
				DEVELOPMENT_TEAM = ZFL7YS72Y3;
				INFOPLIST_FILE = "Tomb Scout/Info.plist";
				LD_RUNPATH_SEARCH_PATHS = (
					"$(inherited)",
					"@executable_path/Frameworks",
				);
				PRODUCT_BUNDLE_IDENTIFIER = "tombscout.Nano-Challenge-3";
				PRODUCT_NAME = "Tomb Scout";
				SWIFT_VERSION = 5.0;
				TARGETED_DEVICE_FAMILY = "1,2";
			};
			name = Release;
		};
/* End XCBuildConfiguration section */

/* Begin XCConfigurationList section */
		B0F80BED248F688000FAF767 /* Build configuration list for PBXProject "Tomb Scout" */ = {
			isa = XCConfigurationList;
			buildConfigurations = (
				B0F80C08248F688100FAF767 /* Debug */,
				B0F80C09248F688100FAF767 /* Release */,
			);
			defaultConfigurationIsVisible = 0;
			defaultConfigurationName = Release;
		};
		B0F80C0A248F688100FAF767 /* Build configuration list for PBXNativeTarget "Nano Challenge 3" */ = {
			isa = XCConfigurationList;
			buildConfigurations = (
				B0F80C0B248F688100FAF767 /* Debug */,
				B0F80C0C248F688100FAF767 /* Release */,
			);
			defaultConfigurationIsVisible = 0;
			defaultConfigurationName = Release;
		};
/* End XCConfigurationList section */
	};
	rootObject = B0F80BEA248F688000FAF767 /* Project object */;
}
