// !$*UTF8*$!
{
	archiveVersion = 1;
	classes = {
	};
	objectVersion = 50;
	objects = {

/* Begin PBXBuildFile section */
		B0F80BF6248F688000FAF767 /* AppDelegate.swift in Sources */ = {isa = PBXBuildFile; fileRef = B0F80BF5248F688000FAF767 /* AppDelegate.swift */; };
		B0F80BF8248F688000FAF767 /* GameScene.sks in Resources */ = {isa = PBXBuildFile; fileRef = B0F80BF7248F688000FAF767 /* GameScene.sks */; };
		B0F80BFA248F688000FAF767 /* Actions.sks in Resources */ = {isa = PBXBuildFile; fileRef = B0F80BF9248F688000FAF767 /* Actions.sks */; };
		B0F80BFC248F688000FAF767 /* GameScene.swift in Sources */ = {isa = PBXBuildFile; fileRef = B0F80BFB248F688000FAF767 /* GameScene.swift */; };
		B0F80BFE248F688000FAF767 /* GameViewController.swift in Sources */ = {isa = PBXBuildFile; fileRef = B0F80BFD248F688000FAF767 /* GameViewController.swift */; };
		B0F80C01248F688000FAF767 /* Main.storyboard in Resources */ = {isa = PBXBuildFile; fileRef = B0F80BFF248F688000FAF767 /* Main.storyboard */; };
		B0F80C03248F688100FAF767 /* Assets.xcassets in Resources */ = {isa = PBXBuildFile; fileRef = B0F80C02248F688100FAF767 /* Assets.xcassets */; };
		B0F80C06248F688100FAF767 /* LaunchScreen.storyboard in Resources */ = {isa = PBXBuildFile; fileRef = B0F80C04248F688100FAF767 /* LaunchScreen.storyboard */; };
/* End PBXBuildFile section */

/* Begin PBXFileReference section */
		B0F80BF2248F688000FAF767 /* Nano Challenge 3.app */ = {isa = PBXFileReference; explicitFileType = wrapper.application; includeInIndex = 0; path = "Nano Challenge 3.app"; sourceTree = BUILT_PRODUCTS_DIR; };
		B0F80BF5248F688000FAF767 /* AppDelegate.swift */ = {isa = PBXFileReference; lastKnownFileType = sourcecode.swift; path = AppDelegate.swift; sourceTree = "<group>"; };
		B0F80BF7248F688000FAF767 /* GameScene.sks */ = {isa = PBXFileReference; lastKnownFileType = file.sks; path = GameScene.sks; sourceTree = "<group>"; };
		B0F80BF9248F688000FAF767 /* Actions.sks */ = {isa = PBXFileReference; lastKnownFileType = file.sks; path = Actions.sks; sourceTree = "<group>"; };
		B0F80BFB248F688000FAF767 /* GameScene.swift */ = {isa = PBXFileReference; lastKnownFileType = sourcecode.swift; path = GameScene.swift; sourceTree = "<group>"; };
		B0F80BFD248F688000FAF767 /* GameViewController.swift */ = {isa = PBXFileReference; lastKnownFileType = sourcecode.swift; path = GameViewController.swift; sourceTree = "<group>"; };
		B0F80C00248F688000FAF767 /* Base */ = {isa = PBXFileReference; lastKnownFileType = file.storyboard; name = Base; path = Base.lproj/Main.storyboard; sourceTree = "<group>"; };
		B0F80C02248F688100FAF767 /* Assets.xcassets */ = {isa = PBXFileReference; lastKnownFileType = folder.assetcatalog; path = Assets.xcassets; sourceTree = "<group>"; };
		B0F80C05248F688100FAF767 /* Base */ = {isa = PBXFileReference; lastKnownFileType = file.storyboard; name = Base; path = Base.lproj/LaunchScreen.storyboard; sourceTree = "<group>"; };
		B0F80C07248F688100FAF767 /* Info.plist */ = {isa = PBXFileReference; lastKnownFileType = text.plist.xml; path = Info.plist; sourceTree = "<group>"; };
/* End PBXFileReference section */

/* Begin PBXFrameworksBuildPhase section */
		B0F80BEF248F688000FAF767 /* Frameworks */ = {
			isa = PBXFrameworksBuildPhase;
			buildActionMask = 2147483647;
			files = (
			);
			runOnlyForDeploymentPostprocessing = 0;
		};
/* End PBXFrameworksBuildPhase section */

/* Begin PBXGroup section */
		B0F80BE9248F688000FAF767 = {
			isa = PBXGroup;
			children = (
				B0F80BF4248F688000FAF767 /* Nano Challenge 3 */,
				B0F80BF3248F688000FAF767 /* Products */,
			);
			sourceTree = "<group>";
		};
		B0F80BF3248F688000FAF767 /* Products */ = {
			isa = PBXGroup;
			children = (
				B0F80BF2248F688000FAF767 /* Nano Challenge 3.app */,
			);
			name = Products;
			sourceTree = "<group>";
		};
		B0F80BF4248F688000FAF767 /* Nano Challenge 3 */ = {
			isa = PBXGroup;
			children = (
				B0F80BF5248F688000FAF767 /* AppDelegate.swift */,
				B0F80BF7248F688000FAF767 /* GameScene.sks */,
				B0F80BF9248F688000FAF767 /* Actions.sks */,
				B0F80BFB248F688000FAF767 /* GameScene.swift */,
				B0F80BFD248F688000FAF767 /* GameViewController.swift */,
				B0F80BFF248F688000FAF767 /* Main.storyboard */,
				B0F80C02248F688100FAF767 /* Assets.xcassets */,
				B0F80C04248F688100FAF767 /* LaunchScreen.storyboard */,
				B0F80C07248F688100FAF767 /* Info.plist */,
			);
			path = "Nano Challenge 3";
			sourceTree = "<group>";
		};
/* End PBXGroup section */

/* Begin PBXNativeTarget section */
		B0F80BF1248F688000FAF767 /* Nano Challenge 3 */ = {
			isa = PBXNativeTarget;
			buildConfigurationList = B0F80C0A248F688100FAF767 /* Build configuration list for PBXNativeTarget "Nano Challenge 3" */;
			buildPhases = (
				B0F80BEE248F688000FAF767 /* Sources */,
				B0F80BEF248F688000FAF767 /* Frameworks */,
				B0F80BF0248F688000FAF767 /* Resources */,
			);
			buildRules = (
			);
			dependencies = (
			);
			name = "Nano Challenge 3";
			productName = "Nano Challenge 3";
			productReference = B0F80BF2248F688000FAF767 /* Nano Challenge 3.app */;
			productType = "com.apple.product-type.application";
		};
/* End PBXNativeTarget section */

/* Begin PBXProject section */
		B0F80BEA248F688000FAF767 /* Project object */ = {
			isa = PBXProject;
			attributes = {
				LastSwiftUpdateCheck = 1150;
				LastUpgradeCheck = 1150;
				ORGANIZATIONNAME = "Michael Geoferey";
				TargetAttributes = {
					B0F80BF1248F688000FAF767 = {
						CreatedOnToolsVersion = 11.5;
					};
				};
			};
			buildConfigurationList = B0F80BED248F688000FAF767 /* Build configuration list for PBXProject "Nano Challenge 3" */;
			compatibilityVersion = "Xcode 9.3";
			developmentRegion = en;
			hasScannedForEncodings = 0;
			knownRegions = (
				en,
				Base,
			);
			mainGroup = B0F80BE9248F688000FAF767;
			productRefGroup = B0F80BF3248F688000FAF767 /* Products */;
			projectDirPath = "";
			projectRoot = "";
			targets = (
				B0F80BF1248F688000FAF767 /* Nano Challenge 3 */,
			);
		};
/* End PBXProject section */

/* Begin PBXResourcesBuildPhase section */
		B0F80BF0248F688000FAF767 /* Resources */ = {
			isa = PBXResourcesBuildPhase;
			buildActionMask = 2147483647;
			files = (
				B0F80C01248F688000FAF767 /* Main.storyboard in Resources */,
				B0F80BF8248F688000FAF767 /* GameScene.sks in Resources */,
				B0F80C03248F688100FAF767 /* Assets.xcassets in Resources */,
				B0F80C06248F688100FAF767 /* LaunchScreen.storyboard in Resources */,
				B0F80BFA248F688000FAF767 /* Actions.sks in Resources */,
			);
			runOnlyForDeploymentPostprocessing = 0;
		};
/* End PBXResourcesBuildPhase section */

/* Begin PBXSourcesBuildPhase section */
		B0F80BEE248F688000FAF767 /* Sources */ = {
			isa = PBXSourcesBuildPhase;
			buildActionMask = 2147483647;
			files = (
				B0F80BFC248F688000FAF767 /* GameScene.swift in Sources */,
				B0F80BFE248F688000FAF767 /* GameViewController.swift in Sources */,
				B0F80BF6248F688000FAF767 /* AppDelegate.swift in Sources */,
			);
			runOnlyForDeploymentPostprocessing = 0;
		};
/* End PBXSourcesBuildPhase section */

/* Begin PBXVariantGroup section */
		B0F80BFF248F688000FAF767 /* Main.storyboard */ = {
			isa = PBXVariantGroup;
			children = (
				B0F80C00248F688000FAF767 /* Base */,
			);
			name = Main.storyboard;
			sourceTree = "<group>";
		};
		B0F80C04248F688100FAF767 /* LaunchScreen.storyboard */ = {
			isa = PBXVariantGroup;
			children = (
				B0F80C05248F688100FAF767 /* Base */,
			);
			name = LaunchScreen.storyboard;
			sourceTree = "<group>";
		};
/* End PBXVariantGroup section */

/* Begin XCBuildConfiguration section */
		B0F80C08248F688100FAF767 /* Debug */ = {
			isa = XCBuildConfiguration;
			buildSettings = {
				ALWAYS_SEARCH_USER_PATHS = NO;
				CLANG_ANALYZER_NONNULL = YES;
				CLANG_ANALYZER_NUMBER_OBJECT_CONVERSION = YES_AGGRESSIVE;
				CLANG_CXX_LANGUAGE_STANDARD = "gnu++14";
				CLANG_CXX_LIBRARY = "libc++";
				CLANG_ENABLE_MODULES = YES;
				CLANG_ENABLE_OBJC_ARC = YES;
				CLANG_ENABLE_OBJC_WEAK = YES;
				CLANG_WARN_BLOCK_CAPTURE_AUTORELEASING = YES;
				CLANG_WARN_BOOL_CONVERSION = YES;
				CLANG_WARN_COMMA = YES;
				CLANG_WARN_CONSTANT_CONVERSION = YES;
				CLANG_WARN_DEPRECATED_OBJC_IMPLEMENTATIONS = YES;
				CLANG_WARN_DIRECT_OBJC_ISA_USAGE = YES_ERROR;
				CLANG_WARN_DOCUMENTATION_COMMENTS = YES;
				CLANG_WARN_EMPTY_BODY = YES;
				CLANG_WARN_ENUM_CONVERSION = YES;
				CLANG_WARN_INFINITE_RECURSION = YES;
				CLANG_WARN_INT_CONVERSION = YES;
				CLANG_WARN_NON_LITERAL_NULL_CONVERSION = YES;
				CLANG_WARN_OBJC_IMPLICIT_RETAIN_SELF = YES;
				CLANG_WARN_OBJC_LITERAL_CONVERSION = YES;
				CLANG_WARN_OBJC_ROOT_CLASS = YES_ERROR;
				CLANG_WARN_RANGE_LOOP_ANALYSIS = YES;
				CLANG_WARN_STRICT_PROTOTYPES = YES;
				CLANG_WARN_SUSPICIOUS_MOVE = YES;
				CLANG_WARN_UNGUARDED_AVAILABILITY = YES_AGGRESSIVE;
				CLANG_WARN_UNREACHABLE_CODE = YES;
				CLANG_WARN__DUPLICATE_METHOD_MATCH = YES;
				COPY_PHASE_STRIP = NO;
				DEBUG_INFORMATION_FORMAT = dwarf;
				ENABLE_STRICT_OBJC_MSGSEND = YES;
				ENABLE_TESTABILITY = YES;
				GCC_C_LANGUAGE_STANDARD = gnu11;
				GCC_DYNAMIC_NO_PIC = NO;
				GCC_NO_COMMON_BLOCKS = YES;
				GCC_OPTIMIZATION_LEVEL = 0;
				GCC_PREPROCESSOR_DEFINITIONS = (
					"DEBUG=1",
					"$(inherited)",
				);
				GCC_WARN_64_TO_32_BIT_CONVERSION = YES;
				GCC_WARN_ABOUT_RETURN_TYPE = YES_ERROR;
				GCC_WARN_UNDECLARED_SELECTOR = YES;
				GCC_WARN_UNINITIALIZED_AUTOS = YES_AGGRESSIVE;
				GCC_WARN_UNUSED_FUNCTION = YES;
				GCC_WARN_UNUSED_VARIABLE = YES;
				IPHONEOS_DEPLOYMENT_TARGET = 13.5;
				MTL_ENABLE_DEBUG_INFO = INCLUDE_SOURCE;
				MTL_FAST_MATH = YES;
				ONLY_ACTIVE_ARCH = YES;
				SDKROOT = iphoneos;
				SWIFT_ACTIVE_COMPILATION_CONDITIONS = DEBUG;
				SWIFT_OPTIMIZATION_LEVEL = "-Onone";
			};
			name = Debug;
		};
		B0F80C09248F688100FAF767 /* Release */ = {
			isa = XCBuildConfiguration;
			buildSettings = {
				ALWAYS_SEARCH_USER_PATHS = NO;
				CLANG_ANALYZER_NONNULL = YES;
				CLANG_ANALYZER_NUMBER_OBJECT_CONVERSION = YES_AGGRESSIVE;
				CLANG_CXX_LANGUAGE_STANDARD = "gnu++14";
				CLANG_CXX_LIBRARY = "libc++";
				CLANG_ENABLE_MODULES = YES;
				CLANG_ENABLE_OBJC_ARC = YES;
				CLANG_ENABLE_OBJC_WEAK = YES;
				CLANG_WARN_BLOCK_CAPTURE_AUTORELEASING = YES;
				CLANG_WARN_BOOL_CONVERSION = YES;
				CLANG_WARN_COMMA = YES;
				CLANG_WARN_CONSTANT_CONVERSION = YES;
				CLANG_WARN_DEPRECATED_OBJC_IMPLEMENTATIONS = YES;
				CLANG_WARN_DIRECT_OBJC_ISA_USAGE = YES_ERROR;
				CLANG_WARN_DOCUMENTATION_COMMENTS = YES;
				CLANG_WARN_EMPTY_BODY = YES;
				CLANG_WARN_ENUM_CONVERSION = YES;
				CLANG_WARN_INFINITE_RECURSION = YES;
				CLANG_WARN_INT_CONVERSION = YES;
				CLANG_WARN_NON_LITERAL_NULL_CONVERSION = YES;
				CLANG_WARN_OBJC_IMPLICIT_RETAIN_SELF = YES;
				CLANG_WARN_OBJC_LITERAL_CONVERSION = YES;
				CLANG_WARN_OBJC_ROOT_CLASS = YES_ERROR;
				CLANG_WARN_RANGE_LOOP_ANALYSIS = YES;
				CLANG_WARN_STRICT_PROTOTYPES = YES;
				CLANG_WARN_SUSPICIOUS_MOVE = YES;
				CLANG_WARN_UNGUARDED_AVAILABILITY = YES_AGGRESSIVE;
				CLANG_WARN_UNREACHABLE_CODE = YES;
				CLANG_WARN__DUPLICATE_METHOD_MATCH = YES;
				COPY_PHASE_STRIP = NO;
				DEBUG_INFORMATION_FORMAT = "dwarf-with-dsym";
				ENABLE_NS_ASSERTIONS = NO;
				ENABLE_STRICT_OBJC_MSGSEND = YES;
				GCC_C_LANGUAGE_STANDARD = gnu11;
				GCC_NO_COMMON_BLOCKS = YES;
				GCC_WARN_64_TO_32_BIT_CONVERSION = YES;
				GCC_WARN_ABOUT_RETURN_TYPE = YES_ERROR;
				GCC_WARN_UNDECLARED_SELECTOR = YES;
				GCC_WARN_UNINITIALIZED_AUTOS = YES_AGGRESSIVE;
				GCC_WARN_UNUSED_FUNCTION = YES;
				GCC_WARN_UNUSED_VARIABLE = YES;
				IPHONEOS_DEPLOYMENT_TARGET = 13.5;
				MTL_ENABLE_DEBUG_INFO = NO;
				MTL_FAST_MATH = YES;
				SDKROOT = iphoneos;
				SWIFT_COMPILATION_MODE = wholemodule;
				SWIFT_OPTIMIZATION_LEVEL = "-O";
				VALIDATE_PRODUCT = YES;
			};
			name = Release;
		};
		B0F80C0B248F688100FAF767 /* Debug */ = {
			isa = XCBuildConfiguration;
			buildSettings = {
				ASSETCATALOG_COMPILER_APPICON_NAME = AppIcon;
				CODE_SIGN_STYLE = Automatic;
				DEVELOPMENT_TEAM = ZFL7YS72Y3;
				INFOPLIST_FILE = "Nano Challenge 3/Info.plist";
				LD_RUNPATH_SEARCH_PATHS = (
					"$(inherited)",
					"@executable_path/Frameworks",
				);
				PRODUCT_BUNDLE_IDENTIFIER = "nanochallenge3.Nano-Challenge-3";
				PRODUCT_NAME = "$(TARGET_NAME)";
				SWIFT_VERSION = 5.0;
				TARGETED_DEVICE_FAMILY = "1,2";
			};
			name = Debug;
		};
		B0F80C0C248F688100FAF767 /* Release */ = {
			isa = XCBuildConfiguration;
			buildSettings = {
				ASSETCATALOG_COMPILER_APPICON_NAME = AppIcon;
				CODE_SIGN_STYLE = Automatic;
				DEVELOPMENT_TEAM = ZFL7YS72Y3;
				INFOPLIST_FILE = "Nano Challenge 3/Info.plist";
				LD_RUNPATH_SEARCH_PATHS = (
					"$(inherited)",
					"@executable_path/Frameworks",
				);
				PRODUCT_BUNDLE_IDENTIFIER = "nanochallenge3.Nano-Challenge-3";
				PRODUCT_NAME = "$(TARGET_NAME)";
				SWIFT_VERSION = 5.0;
				TARGETED_DEVICE_FAMILY = "1,2";
			};
			name = Release;
		};
/* End XCBuildConfiguration section */

/* Begin XCConfigurationList section */
		B0F80BED248F688000FAF767 /* Build configuration list for PBXProject "Nano Challenge 3" */ = {
			isa = XCConfigurationList;
			buildConfigurations = (
				B0F80C08248F688100FAF767 /* Debug */,
				B0F80C09248F688100FAF767 /* Release */,
			);
			defaultConfigurationIsVisible = 0;
			defaultConfigurationName = Release;
		};
		B0F80C0A248F688100FAF767 /* Build configuration list for PBXNativeTarget "Nano Challenge 3" */ = {
			isa = XCConfigurationList;
			buildConfigurations = (
				B0F80C0B248F688100FAF767 /* Debug */,
				B0F80C0C248F688100FAF767 /* Release */,
			);
			defaultConfigurationIsVisible = 0;
			defaultConfigurationName = Release;
		};
/* End XCConfigurationList section */
	};
	rootObject = B0F80BEA248F688000FAF767 /* Project object */;
}
